// !$*UTF8*$!
{
	archiveVersion = 1;
	classes = {
	};
	objectVersion = 46;
	objects = {

/* Begin PBXBuildFile section */
		6650EFF515EFF9FD00F5F0C6 /* UIKit.framework in Frameworks */ = {isa = PBXBuildFile; fileRef = 6650EFF415EFF9FD00F5F0C6 /* UIKit.framework */; };
		6650EFF715EFF9FD00F5F0C6 /* Foundation.framework in Frameworks */ = {isa = PBXBuildFile; fileRef = 6650EFF615EFF9FD00F5F0C6 /* Foundation.framework */; };
		6650EFF915EFF9FE00F5F0C6 /* CoreGraphics.framework in Frameworks */ = {isa = PBXBuildFile; fileRef = 6650EFF815EFF9FE00F5F0C6 /* CoreGraphics.framework */; };
		6650EFFF15EFF9FE00F5F0C6 /* InfoPlist.strings in Resources */ = {isa = PBXBuildFile; fileRef = 6650EFFD15EFF9FE00F5F0C6 /* InfoPlist.strings */; };
		6650F00115EFF9FE00F5F0C6 /* main.m in Sources */ = {isa = PBXBuildFile; fileRef = 6650F00015EFF9FE00F5F0C6 /* main.m */; };
		6650F00515EFF9FE00F5F0C6 /* AppDelegate.m in Sources */ = {isa = PBXBuildFile; fileRef = 6650F00415EFF9FE00F5F0C6 /* AppDelegate.m */; };
		6650F00815EFF9FE00F5F0C6 /* HabrViewController.m in Sources */ = {isa = PBXBuildFile; fileRef = 6650F00715EFF9FE00F5F0C6 /* HabrViewController.m */; };
		6650F00B15EFF9FE00F5F0C6 /* DetailViewController.m in Sources */ = {isa = PBXBuildFile; fileRef = 6650F00A15EFF9FE00F5F0C6 /* DetailViewController.m */; };
		6650F00E15EFF9FE00F5F0C6 /* HabrViewController.xib in Resources */ = {isa = PBXBuildFile; fileRef = 6650F00C15EFF9FE00F5F0C6 /* HabrViewController.xib */; };
		6650F01115EFF9FE00F5F0C6 /* DetailViewController.xib in Resources */ = {isa = PBXBuildFile; fileRef = 6650F00F15EFF9FE00F5F0C6 /* DetailViewController.xib */; };
		667544EB15F10B43008FE800 /* libRSSKit.a in Frameworks */ = {isa = PBXBuildFile; fileRef = 667544EA15F10B35008FE800 /* libRSSKit.a */; };
		66DD213D15F1509600DC8337 /* HabraPostCell.m in Sources */ = {isa = PBXBuildFile; fileRef = 66DD213C15F1509600DC8337 /* HabraPostCell.m */; };
		66DD214115F1511400DC8337 /* HabraPostCell.xib in Resources */ = {isa = PBXBuildFile; fileRef = 66DD214015F1511400DC8337 /* HabraPostCell.xib */; };
		66DD214415F156F900DC8337 /* habrauser.png in Resources */ = {isa = PBXBuildFile; fileRef = 66DD214315F156F900DC8337 /* habrauser.png */; };
		66DD215F15F1796B00DC8337 /* Icon.png in Resources */ = {isa = PBXBuildFile; fileRef = 66DD215E15F1796B00DC8337 /* Icon.png */; };
		66DD216115F1796F00DC8337 /* Icon@2x.png in Resources */ = {isa = PBXBuildFile; fileRef = 66DD216015F1796F00DC8337 /* Icon@2x.png */; };
		66DD216315F17A5E00DC8337 /* Default@2x.png in Resources */ = {isa = PBXBuildFile; fileRef = 66DD216215F17A5E00DC8337 /* Default@2x.png */; };
		66DD216515F17A6000DC8337 /* Default.png in Resources */ = {isa = PBXBuildFile; fileRef = 66DD216415F17A6000DC8337 /* Default.png */; };
		66DD216815F17AC000DC8337 /* nav-background.png in Resources */ = {isa = PBXBuildFile; fileRef = 66DD216615F17AC000DC8337 /* nav-background.png */; };
		66DD216915F17AC000DC8337 /* nav-background@2x.png in Resources */ = {isa = PBXBuildFile; fileRef = 66DD216715F17AC000DC8337 /* nav-background@2x.png */; };
/* End PBXBuildFile section */

/* Begin PBXContainerItemProxy section */
		667544E915F10B35008FE800 /* PBXContainerItemProxy */ = {
			isa = PBXContainerItemProxy;
			containerPortal = 667544E215F10B35008FE800 /* RSSKit.xcodeproj */;
			proxyType = 2;
			remoteGlobalIDString = BF3A6F74152C100A0020B7C5;
			remoteInfo = RSSKit;
		};
/* End PBXContainerItemProxy section */

/* Begin PBXFileReference section */
		6650EFF015EFF9FD00F5F0C6 /* HabraReader.app */ = {isa = PBXFileReference; explicitFileType = wrapper.application; includeInIndex = 0; path = HabraReader.app; sourceTree = BUILT_PRODUCTS_DIR; };
		6650EFF415EFF9FD00F5F0C6 /* UIKit.framework */ = {isa = PBXFileReference; lastKnownFileType = wrapper.framework; name = UIKit.framework; path = System/Library/Frameworks/UIKit.framework; sourceTree = SDKROOT; };
		6650EFF615EFF9FD00F5F0C6 /* Foundation.framework */ = {isa = PBXFileReference; lastKnownFileType = wrapper.framework; name = Foundation.framework; path = System/Library/Frameworks/Foundation.framework; sourceTree = SDKROOT; };
		6650EFF815EFF9FE00F5F0C6 /* CoreGraphics.framework */ = {isa = PBXFileReference; lastKnownFileType = wrapper.framework; name = CoreGraphics.framework; path = System/Library/Frameworks/CoreGraphics.framework; sourceTree = SDKROOT; };
		6650EFFC15EFF9FE00F5F0C6 /* HabraReader-Info.plist */ = {isa = PBXFileReference; lastKnownFileType = text.plist.xml; path = "HabraReader-Info.plist"; sourceTree = "<group>"; };
		6650EFFE15EFF9FE00F5F0C6 /* en */ = {isa = PBXFileReference; lastKnownFileType = text.plist.strings; name = en; path = en.lproj/InfoPlist.strings; sourceTree = "<group>"; };
		6650F00015EFF9FE00F5F0C6 /* main.m */ = {isa = PBXFileReference; lastKnownFileType = sourcecode.c.objc; path = main.m; sourceTree = "<group>"; };
		6650F00215EFF9FE00F5F0C6 /* HabraReader-Prefix.pch */ = {isa = PBXFileReference; lastKnownFileType = sourcecode.c.h; path = "HabraReader-Prefix.pch"; sourceTree = "<group>"; };
		6650F00315EFF9FE00F5F0C6 /* AppDelegate.h */ = {isa = PBXFileReference; lastKnownFileType = sourcecode.c.h; path = AppDelegate.h; sourceTree = "<group>"; };
		6650F00415EFF9FE00F5F0C6 /* AppDelegate.m */ = {isa = PBXFileReference; lastKnownFileType = sourcecode.c.objc; path = AppDelegate.m; sourceTree = "<group>"; };
		6650F00615EFF9FE00F5F0C6 /* HabrViewController.h */ = {isa = PBXFileReference; lastKnownFileType = sourcecode.c.h; path = HabrViewController.h; sourceTree = "<group>"; };
		6650F00715EFF9FE00F5F0C6 /* HabrViewController.m */ = {isa = PBXFileReference; lastKnownFileType = sourcecode.c.objc; path = HabrViewController.m; sourceTree = "<group>"; };
		6650F00915EFF9FE00F5F0C6 /* DetailViewController.h */ = {isa = PBXFileReference; lastKnownFileType = sourcecode.c.h; path = DetailViewController.h; sourceTree = "<group>"; };
		6650F00A15EFF9FE00F5F0C6 /* DetailViewController.m */ = {isa = PBXFileReference; lastKnownFileType = sourcecode.c.objc; path = DetailViewController.m; sourceTree = "<group>"; };
		6650F00D15EFF9FE00F5F0C6 /* en */ = {isa = PBXFileReference; lastKnownFileType = file.xib; name = en; path = en.lproj/HabrViewController.xib; sourceTree = "<group>"; };
		6650F01015EFF9FE00F5F0C6 /* en */ = {isa = PBXFileReference; lastKnownFileType = file.xib; name = en; path = en.lproj/DetailViewController.xib; sourceTree = "<group>"; };
		6650F01715EFFAEA00F5F0C6 /* QuartzCore.framework */ = {isa = PBXFileReference; lastKnownFileType = wrapper.framework; name = QuartzCore.framework; path = System/Library/Frameworks/QuartzCore.framework; sourceTree = SDKROOT; };
		667544E215F10B35008FE800 /* RSSKit.xcodeproj */ = {isa = PBXFileReference; lastKnownFileType = "wrapper.pb-project"; name = RSSKit.xcodeproj; path = RSSKit/RSSKit.xcodeproj; sourceTree = "<group>"; };
		66DD213B15F1509600DC8337 /* HabraPostCell.h */ = {isa = PBXFileReference; fileEncoding = 4; lastKnownFileType = sourcecode.c.h; path = HabraPostCell.h; sourceTree = "<group>"; };
		66DD213C15F1509600DC8337 /* HabraPostCell.m */ = {isa = PBXFileReference; fileEncoding = 4; lastKnownFileType = sourcecode.c.objc; path = HabraPostCell.m; sourceTree = "<group>"; };
		66DD214015F1511400DC8337 /* HabraPostCell.xib */ = {isa = PBXFileReference; fileEncoding = 4; lastKnownFileType = file.xib; path = HabraPostCell.xib; sourceTree = "<group>"; };
		66DD214315F156F900DC8337 /* habrauser.png */ = {isa = PBXFileReference; lastKnownFileType = image.png; path = habrauser.png; sourceTree = "<group>"; };
		66DD215E15F1796B00DC8337 /* Icon.png */ = {isa = PBXFileReference; lastKnownFileType = image.png; name = Icon.png; path = ../Icon.png; sourceTree = "<group>"; };
		66DD216015F1796F00DC8337 /* Icon@2x.png */ = {isa = PBXFileReference; lastKnownFileType = image.png; name = "Icon@2x.png"; path = "../Icon@2x.png"; sourceTree = "<group>"; };
		66DD216215F17A5E00DC8337 /* Default@2x.png */ = {isa = PBXFileReference; lastKnownFileType = image.png; name = "Default@2x.png"; path = "../Default@2x.png"; sourceTree = "<group>"; };
		66DD216415F17A6000DC8337 /* Default.png */ = {isa = PBXFileReference; lastKnownFileType = image.png; name = Default.png; path = ../Default.png; sourceTree = "<group>"; };
		66DD216615F17AC000DC8337 /* nav-background.png */ = {isa = PBXFileReference; lastKnownFileType = image.png; path = "nav-background.png"; sourceTree = "<group>"; };
		66DD216715F17AC000DC8337 /* nav-background@2x.png */ = {isa = PBXFileReference; lastKnownFileType = image.png; path = "nav-background@2x.png"; sourceTree = "<group>"; };
/* End PBXFileReference section */

/* Begin PBXFrameworksBuildPhase section */
		6650EFED15EFF9FD00F5F0C6 /* Frameworks */ = {
			isa = PBXFrameworksBuildPhase;
			buildActionMask = 2147483647;
			files = (
				667544EB15F10B43008FE800 /* libRSSKit.a in Frameworks */,
				6650EFF515EFF9FD00F5F0C6 /* UIKit.framework in Frameworks */,
				6650EFF715EFF9FD00F5F0C6 /* Foundation.framework in Frameworks */,
				6650EFF915EFF9FE00F5F0C6 /* CoreGraphics.framework in Frameworks */,
			);
			runOnlyForDeploymentPostprocessing = 0;
		};
/* End PBXFrameworksBuildPhase section */

/* Begin PBXGroup section */
		6650EFE515EFF9FD00F5F0C6 = {
			isa = PBXGroup;
			children = (
				6650EFFA15EFF9FE00F5F0C6 /* HabraReader */,
				6650EFF315EFF9FD00F5F0C6 /* Frameworks */,
				6650EFF115EFF9FD00F5F0C6 /* Products */,
			);
			sourceTree = "<group>";
		};
		6650EFF115EFF9FD00F5F0C6 /* Products */ = {
			isa = PBXGroup;
			children = (
				6650EFF015EFF9FD00F5F0C6 /* HabraReader.app */,
			);
			name = Products;
			sourceTree = "<group>";
		};
		6650EFF315EFF9FD00F5F0C6 /* Frameworks */ = {
			isa = PBXGroup;
			children = (
				667544E215F10B35008FE800 /* RSSKit.xcodeproj */,
				6650F01715EFFAEA00F5F0C6 /* QuartzCore.framework */,
				6650EFF415EFF9FD00F5F0C6 /* UIKit.framework */,
				6650EFF615EFF9FD00F5F0C6 /* Foundation.framework */,
				6650EFF815EFF9FE00F5F0C6 /* CoreGraphics.framework */,
			);
			name = Frameworks;
			sourceTree = "<group>";
		};
		6650EFFA15EFF9FE00F5F0C6 /* HabraReader */ = {
			isa = PBXGroup;
			children = (
				66DD213415F1213100DC8337 /* Classes */,
				66DD213715F1219B00DC8337 /* Resources */,
				66DD213A15F137AA00DC8337 /* Vendors */,
				6650EFFB15EFF9FE00F5F0C6 /* Supporting Files */,
			);
			path = HabraReader;
			sourceTree = "<group>";
		};
		6650EFFB15EFF9FE00F5F0C6 /* Supporting Files */ = {
			isa = PBXGroup;
			children = (
				6650EFFC15EFF9FE00F5F0C6 /* HabraReader-Info.plist */,
				6650EFFD15EFF9FE00F5F0C6 /* InfoPlist.strings */,
				6650F00015EFF9FE00F5F0C6 /* main.m */,
				6650F00215EFF9FE00F5F0C6 /* HabraReader-Prefix.pch */,
			);
			name = "Supporting Files";
			sourceTree = "<group>";
		};
		667544E315F10B35008FE800 /* Products */ = {
			isa = PBXGroup;
			children = (
				667544EA15F10B35008FE800 /* libRSSKit.a */,
			);
			name = Products;
			sourceTree = "<group>";
		};
		66DD213415F1213100DC8337 /* Classes */ = {
			isa = PBXGroup;
			children = (
				66DD213615F1218600DC8337 /* Habr App Delegate */,
				66DD213515F1217900DC8337 /* Controllers */,
				66DD213E15F150A000DC8337 /* Cells */,
				66DD213915F121DD00DC8337 /* Helpers */,
			);
			name = Classes;
			sourceTree = "<group>";
		};
		66DD213515F1217900DC8337 /* Controllers */ = {
			isa = PBXGroup;
			children = (
				6650F00615EFF9FE00F5F0C6 /* HabrViewController.h */,
				6650F00715EFF9FE00F5F0C6 /* HabrViewController.m */,
				6650F00915EFF9FE00F5F0C6 /* DetailViewController.h */,
				6650F00A15EFF9FE00F5F0C6 /* DetailViewController.m */,
			);
			name = Controllers;
			sourceTree = "<group>";
		};
		66DD213615F1218600DC8337 /* Habr App Delegate */ = {
			isa = PBXGroup;
			children = (
				6650F00315EFF9FE00F5F0C6 /* AppDelegate.h */,
				6650F00415EFF9FE00F5F0C6 /* AppDelegate.m */,
			);
			name = "Habr App Delegate";
			sourceTree = "<group>";
		};
		66DD213715F1219B00DC8337 /* Resources */ = {
			isa = PBXGroup;
			children = (
				66DD213815F121A400DC8337 /* Views */,
				66DD213F15F150EF00DC8337 /* Cells */,
				66DD214215F156DC00DC8337 /* Images */,
			);
			name = Resources;
			sourceTree = "<group>";
		};
		66DD213815F121A400DC8337 /* Views */ = {
			isa = PBXGroup;
			children = (
				6650F00C15EFF9FE00F5F0C6 /* HabrViewController.xib */,
				6650F00F15EFF9FE00F5F0C6 /* DetailViewController.xib */,
			);
			name = Views;
			sourceTree = "<group>";
		};
		66DD213915F121DD00DC8337 /* Helpers */ = {
			isa = PBXGroup;
			children = (
			);
			name = Helpers;
			sourceTree = "<group>";
		};
		66DD213A15F137AA00DC8337 /* Vendors */ = {
			isa = PBXGroup;
			children = (
			);
			name = Vendors;
			sourceTree = "<group>";
		};
		66DD213E15F150A000DC8337 /* Cells */ = {
			isa = PBXGroup;
			children = (
				66DD213B15F1509600DC8337 /* HabraPostCell.h */,
				66DD213C15F1509600DC8337 /* HabraPostCell.m */,
			);
			name = Cells;
			sourceTree = "<group>";
		};
		66DD213F15F150EF00DC8337 /* Cells */ = {
			isa = PBXGroup;
			children = (
				66DD214015F1511400DC8337 /* HabraPostCell.xib */,
			);
			name = Cells;
			sourceTree = "<group>";
		};
		66DD214215F156DC00DC8337 /* Images */ = {
			isa = PBXGroup;
			children = (
				66DD214315F156F900DC8337 /* habrauser.png */,
				66DD216615F17AC000DC8337 /* nav-background.png */,
				66DD216715F17AC000DC8337 /* nav-background@2x.png */,
				66DD216015F1796F00DC8337 /* Icon@2x.png */,
				66DD215E15F1796B00DC8337 /* Icon.png */,
				66DD216415F17A6000DC8337 /* Default.png */,
				66DD216215F17A5E00DC8337 /* Default@2x.png */,
			);
			name = Images;
			sourceTree = "<group>";
		};
/* End PBXGroup section */

/* Begin PBXNativeTarget section */
		6650EFEF15EFF9FD00F5F0C6 /* HabraReader */ = {
			isa = PBXNativeTarget;
			buildConfigurationList = 6650F01415EFF9FE00F5F0C6 /* Build configuration list for PBXNativeTarget "HabraReader" */;
			buildPhases = (
				6650EFEC15EFF9FD00F5F0C6 /* Sources */,
				6650EFED15EFF9FD00F5F0C6 /* Frameworks */,
				6650EFEE15EFF9FD00F5F0C6 /* Resources */,
			);
			buildRules = (
			);
			dependencies = (
			);
			name = HabraReader;
			productName = HabraReader;
			productReference = 6650EFF015EFF9FD00F5F0C6 /* HabraReader.app */;
			productType = "com.apple.product-type.application";
		};
/* End PBXNativeTarget section */

/* Begin PBXProject section */
		6650EFE715EFF9FD00F5F0C6 /* Project object */ = {
			isa = PBXProject;
			attributes = {
				LastUpgradeCheck = 0440;
				ORGANIZATIONNAME = "Philip Vasilchenko";
			};
			buildConfigurationList = 6650EFEA15EFF9FD00F5F0C6 /* Build configuration list for PBXProject "HabraReader" */;
			compatibilityVersion = "Xcode 3.2";
			developmentRegion = English;
			hasScannedForEncodings = 0;
			knownRegions = (
				en,
			);
			mainGroup = 6650EFE515EFF9FD00F5F0C6;
			productRefGroup = 6650EFF115EFF9FD00F5F0C6 /* Products */;
			projectDirPath = "";
			projectReferences = (
				{
					ProductGroup = 667544E315F10B35008FE800 /* Products */;
					ProjectRef = 667544E215F10B35008FE800 /* RSSKit.xcodeproj */;
				},
			);
			projectRoot = "";
			targets = (
				6650EFEF15EFF9FD00F5F0C6 /* HabraReader */,
			);
		};
/* End PBXProject section */

/* Begin PBXReferenceProxy section */
		667544EA15F10B35008FE800 /* libRSSKit.a */ = {
			isa = PBXReferenceProxy;
			fileType = archive.ar;
			path = libRSSKit.a;
			remoteRef = 667544E915F10B35008FE800 /* PBXContainerItemProxy */;
			sourceTree = BUILT_PRODUCTS_DIR;
		};
/* End PBXReferenceProxy section */

/* Begin PBXResourcesBuildPhase section */
		6650EFEE15EFF9FD00F5F0C6 /* Resources */ = {
			isa = PBXResourcesBuildPhase;
			buildActionMask = 2147483647;
			files = (
				6650EFFF15EFF9FE00F5F0C6 /* InfoPlist.strings in Resources */,
				6650F00E15EFF9FE00F5F0C6 /* HabrViewController.xib in Resources */,
				6650F01115EFF9FE00F5F0C6 /* DetailViewController.xib in Resources */,
				66DD214115F1511400DC8337 /* HabraPostCell.xib in Resources */,
				66DD214415F156F900DC8337 /* habrauser.png in Resources */,
				66DD215F15F1796B00DC8337 /* Icon.png in Resources */,
				66DD216115F1796F00DC8337 /* Icon@2x.png in Resources */,
				66DD216315F17A5E00DC8337 /* Default@2x.png in Resources */,
				66DD216515F17A6000DC8337 /* Default.png in Resources */,
				66DD216815F17AC000DC8337 /* nav-background.png in Resources */,
				66DD216915F17AC000DC8337 /* nav-background@2x.png in Resources */,
			);
			runOnlyForDeploymentPostprocessing = 0;
		};
/* End PBXResourcesBuildPhase section */

/* Begin PBXSourcesBuildPhase section */
		6650EFEC15EFF9FD00F5F0C6 /* Sources */ = {
			isa = PBXSourcesBuildPhase;
			buildActionMask = 2147483647;
			files = (
				6650F00115EFF9FE00F5F0C6 /* main.m in Sources */,
				6650F00515EFF9FE00F5F0C6 /* AppDelegate.m in Sources */,
				6650F00815EFF9FE00F5F0C6 /* HabrViewController.m in Sources */,
				6650F00B15EFF9FE00F5F0C6 /* DetailViewController.m in Sources */,
				66DD213D15F1509600DC8337 /* HabraPostCell.m in Sources */,
			);
			runOnlyForDeploymentPostprocessing = 0;
		};
/* End PBXSourcesBuildPhase section */

/* Begin PBXVariantGroup section */
		6650EFFD15EFF9FE00F5F0C6 /* InfoPlist.strings */ = {
			isa = PBXVariantGroup;
			children = (
				6650EFFE15EFF9FE00F5F0C6 /* en */,
			);
			name = InfoPlist.strings;
			sourceTree = "<group>";
		};
		6650F00C15EFF9FE00F5F0C6 /* HabrViewController.xib */ = {
			isa = PBXVariantGroup;
			children = (
				6650F00D15EFF9FE00F5F0C6 /* en */,
			);
			name = HabrViewController.xib;
			sourceTree = "<group>";
		};
		6650F00F15EFF9FE00F5F0C6 /* DetailViewController.xib */ = {
			isa = PBXVariantGroup;
			children = (
				6650F01015EFF9FE00F5F0C6 /* en */,
			);
			name = DetailViewController.xib;
			sourceTree = "<group>";
		};
/* End PBXVariantGroup section */

/* Begin XCBuildConfiguration section */
		6650F01215EFF9FE00F5F0C6 /* Debug */ = {
			isa = XCBuildConfiguration;
			buildSettings = {
				ALWAYS_SEARCH_USER_PATHS = NO;
				ARCHS = "$(ARCHS_STANDARD_32_BIT)";
				CLANG_CXX_LANGUAGE_STANDARD = "gnu++0x";
				CLANG_WARN__DUPLICATE_METHOD_MATCH = YES;
				"CODE_SIGN_IDENTITY[sdk=iphoneos*]" = "iPhone Developer";
				COPY_PHASE_STRIP = NO;
				GCC_C_LANGUAGE_STANDARD = gnu99;
				GCC_DYNAMIC_NO_PIC = NO;
				GCC_OPTIMIZATION_LEVEL = 0;
				GCC_PREPROCESSOR_DEFINITIONS = (
					"DEBUG=1",
					"$(inherited)",
				);
				GCC_SYMBOLS_PRIVATE_EXTERN = NO;
				GCC_VERSION = com.apple.compilers.llvm.clang.1_0;
				GCC_WARN_ABOUT_RETURN_TYPE = YES;
				GCC_WARN_UNINITIALIZED_AUTOS = YES;
				GCC_WARN_UNUSED_VARIABLE = YES;
				IPHONEOS_DEPLOYMENT_TARGET = 5.1;
				SDKROOT = iphoneos;
			};
			name = Debug;
		};
		6650F01315EFF9FE00F5F0C6 /* Release */ = {
			isa = XCBuildConfiguration;
			buildSettings = {
				ALWAYS_SEARCH_USER_PATHS = NO;
				ARCHS = "$(ARCHS_STANDARD_32_BIT)";
				CLANG_CXX_LANGUAGE_STANDARD = "gnu++0x";
				CLANG_WARN__DUPLICATE_METHOD_MATCH = YES;
				"CODE_SIGN_IDENTITY[sdk=iphoneos*]" = "iPhone Developer";
				COPY_PHASE_STRIP = YES;
				GCC_C_LANGUAGE_STANDARD = gnu99;
				GCC_VERSION = com.apple.compilers.llvm.clang.1_0;
				GCC_WARN_ABOUT_RETURN_TYPE = YES;
				GCC_WARN_UNINITIALIZED_AUTOS = YES;
				GCC_WARN_UNUSED_VARIABLE = YES;
				IPHONEOS_DEPLOYMENT_TARGET = 5.1;
				OTHER_CFLAGS = "-DNS_BLOCK_ASSERTIONS=1";
				SDKROOT = iphoneos;
				VALIDATE_PRODUCT = YES;
			};
			name = Release;
		};
		6650F01515EFF9FE00F5F0C6 /* Debug */ = {
			isa = XCBuildConfiguration;
			buildSettings = {
				GCC_PRECOMPILE_PREFIX_HEADER = YES;
				GCC_PREFIX_HEADER = "HabraReader/HabraReader-Prefix.pch";
				HEADER_SEARCH_PATHS = "\"$(SRCROOT)\"/**";
				INFOPLIST_FILE = "HabraReader/HabraReader-Info.plist";
				OTHER_LDFLAGS = (
					"-force_load",
					"$(BUILT_PRODUCTS_DIR)/libRSSKit.a",
				);
				PRODUCT_NAME = "$(TARGET_NAME)";
				WRAPPER_EXTENSION = app;
			};
			name = Debug;
		};
		6650F01615EFF9FE00F5F0C6 /* Release */ = {
			isa = XCBuildConfiguration;
			buildSettings = {
				GCC_PRECOMPILE_PREFIX_HEADER = YES;
				GCC_PREFIX_HEADER = "HabraReader/HabraReader-Prefix.pch";
				HEADER_SEARCH_PATHS = "\"$(SRCROOT)\"/**";
				INFOPLIST_FILE = "HabraReader/HabraReader-Info.plist";
				OTHER_LDFLAGS = (
					"-force_load",
					"$(BUILT_PRODUCTS_DIR)/libRSSKit.a",
				);
				PRODUCT_NAME = "$(TARGET_NAME)";
				WRAPPER_EXTENSION = app;
			};
			name = Release;
		};
/* End XCBuildConfiguration section */

/* Begin XCConfigurationList section */
		6650EFEA15EFF9FD00F5F0C6 /* Build configuration list for PBXProject "HabraReader" */ = {
			isa = XCConfigurationList;
			buildConfigurations = (
				6650F01215EFF9FE00F5F0C6 /* Debug */,
				6650F01315EFF9FE00F5F0C6 /* Release */,
			);
			defaultConfigurationIsVisible = 0;
			defaultConfigurationName = Release;
		};
		6650F01415EFF9FE00F5F0C6 /* Build configuration list for PBXNativeTarget "HabraReader" */ = {
			isa = XCConfigurationList;
			buildConfigurations = (
				6650F01515EFF9FE00F5F0C6 /* Debug */,
				6650F01615EFF9FE00F5F0C6 /* Release */,
			);
			defaultConfigurationIsVisible = 0;
			defaultConfigurationName = Release;
		};
/* End XCConfigurationList section */
	};
	rootObject = 6650EFE715EFF9FD00F5F0C6 /* Project object */;
}
